<?xml version="1.0" encoding="utf-8"?>
<Project ToolsVersion="4.0" xmlns="http://schemas.microsoft.com/developer/msbuild/2003">
  <ItemGroup>
    <ClInclude Include="inc\aabb.h" />
    <ClInclude Include="inc\bvh.h" />
    <ClInclude Include="inc\camera.h" />
    <ClInclude Include="inc\common.h" />
    <ClInclude Include="inc\hittable.h" />
    <ClInclude Include="inc\hittable_list.h" />
    <ClInclude Include="inc\moving_sphere.h" />
    <ClInclude Include="inc\ray.h" />
    <ClInclude Include="inc\sphere.h" />
    <ClInclude Include="inc\stb_image_write.h" />
    <ClInclude Include="inc\texture.h" />
    <ClInclude Include="inc\vec3.h" />
    <ClInclude Include="inc\perlin.h" />
    <ClInclude Include="inc\material.h" />
    <ClInclude Include="inc\stb_image.h" />
    <ClInclude Include="inc\aarect.h" />
    <ClInclude Include="inc\box.h" />
    <ClInclude Include="inc\constant_medium.h" />
    <ClInclude Include="inc\scenes.h" />
  </ItemGroup>
  <ItemGroup>
    <ClCompile Include="src\main.cpp" />
    <ClCompile Include="src\aarect.cpp" />
    <ClCompile Include="src\aabb.cpp" />
    <ClCompile Include="src\scenes.cpp" />
    <ClCompile Include="src\hittable_list.cpp" />
    <ClCompile Include="src\common.cpp" />
  </ItemGroup>
</Project>